// !$*UTF8*$!
{
	archiveVersion = 1;
	classes = {
	};
	objectVersion = 46;
	objects = {

/* Begin PBXBuildFile section */
		353C96641D2A1CCE00F6C152 /* Profile.storyboard in Resources */ = {isa = PBXBuildFile; fileRef = 353C96631D2A1CCE00F6C152 /* Profile.storyboard */; };
		35E69C091D21FC9A00271D7A /* ProfileTVC.swift in Sources */ = {isa = PBXBuildFile; fileRef = 35E69C081D21FC9A00271D7A /* ProfileTVC.swift */; };
		35E69C0B1D21FCFA00271D7A /* EditProfileTableVC.swift in Sources */ = {isa = PBXBuildFile; fileRef = 35E69C0A1D21FCFA00271D7A /* EditProfileTableVC.swift */; };
		35E69C0D1D2217DF00271D7A /* SettingsTVC.swift in Sources */ = {isa = PBXBuildFile; fileRef = 35E69C0C1D2217DF00271D7A /* SettingsTVC.swift */; };
		35E69C0F1D224CC800271D7A /* EditFullNameVC.swift in Sources */ = {isa = PBXBuildFile; fileRef = 35E69C0E1D224CC800271D7A /* EditFullNameVC.swift */; };
		35E69C111D2253F500271D7A /* EditEmailViewController.swift in Sources */ = {isa = PBXBuildFile; fileRef = 35E69C101D2253F500271D7A /* EditEmailViewController.swift */; };
		35E69C131D22C35200271D7A /* EditLocationVC.swift in Sources */ = {isa = PBXBuildFile; fileRef = 35E69C121D22C35200271D7A /* EditLocationVC.swift */; };
		35E69C191D22E18700271D7A /* PendingActivityVC.swift in Sources */ = {isa = PBXBuildFile; fileRef = 35E69C181D22E18700271D7A /* PendingActivityVC.swift */; };
		35E69C4E1D25BC9C00271D7A /* SlideVC.swift in Sources */ = {isa = PBXBuildFile; fileRef = 35E69C4D1D25BC9C00271D7A /* SlideVC.swift */; };
		35E69C941D26C03C00271D7A /* UserClass.swift in Sources */ = {isa = PBXBuildFile; fileRef = 35E69C931D26C03C00271D7A /* UserClass.swift */; };
		441669A21D26E1DF00493B89 /* Map.storyboard in Resources */ = {isa = PBXBuildFile; fileRef = 441669A11D26E1DF00493B89 /* Map.storyboard */; };
		441669A41D26E21D00493B89 /* MapViewController.swift in Sources */ = {isa = PBXBuildFile; fileRef = 441669A31D26E21D00493B89 /* MapViewController.swift */; };
		446911931D2EB65900EBEC44 /* PinDetailViewController.swift in Sources */ = {isa = PBXBuildFile; fileRef = 446911921D2EB65900EBEC44 /* PinDetailViewController.swift */; };
		449869EB1D20898F0023F9B0 /* Assets.xcassets in Resources */ = {isa = PBXBuildFile; fileRef = 449869EA1D20898F0023F9B0 /* Assets.xcassets */; };
		449869EE1D20898F0023F9B0 /* LaunchScreen.storyboard in Resources */ = {isa = PBXBuildFile; fileRef = 449869EC1D20898F0023F9B0 /* LaunchScreen.storyboard */; };
		449869F91D20898F0023F9B0 /* TownheroTests.swift in Sources */ = {isa = PBXBuildFile; fileRef = 449869F81D20898F0023F9B0 /* TownheroTests.swift */; };
		44986A041D20898F0023F9B0 /* TownheroUITests.swift in Sources */ = {isa = PBXBuildFile; fileRef = 44986A031D20898F0023F9B0 /* TownheroUITests.swift */; };
		44986A141D2089CD0023F9B0 /* GoogleService-Info.plist in Resources */ = {isa = PBXBuildFile; fileRef = 44986A131D2089CD0023F9B0 /* GoogleService-Info.plist */; };
		449E50621D22E738009B8F75 /* MapKit.framework in Frameworks */ = {isa = PBXBuildFile; fileRef = 449E50611D22E738009B8F75 /* MapKit.framework */; };
		44F95E9B1D2C1EDA0093F3B7 /* Nature.swift in Sources */ = {isa = PBXBuildFile; fileRef = 44F95E9A1D2C1EDA0093F3B7 /* Nature.swift */; };
		44F95E9D1D2C1EE70093F3B7 /* Parking.swift in Sources */ = {isa = PBXBuildFile; fileRef = 44F95E9C1D2C1EE70093F3B7 /* Parking.swift */; };
		44F95E9F1D2C1EF20093F3B7 /* Safety.swift in Sources */ = {isa = PBXBuildFile; fileRef = 44F95E9E1D2C1EF20093F3B7 /* Safety.swift */; };
		44F95EA11D2C1EFC0093F3B7 /* Services.swift in Sources */ = {isa = PBXBuildFile; fileRef = 44F95EA01D2C1EFC0093F3B7 /* Services.swift */; };
		44FD72DB1D2FF3DC00C6C44C /* Color.swift in Sources */ = {isa = PBXBuildFile; fileRef = 44FD72DA1D2FF3DC00C6C44C /* Color.swift */; };
		462E0EA81D2096CB0093893B /* Login.storyboard in Resources */ = {isa = PBXBuildFile; fileRef = 462E0EA71D2096CB0093893B /* Login.storyboard */; };
		462E0EAA1D20973A0093893B /* LoginViewController.swift in Sources */ = {isa = PBXBuildFile; fileRef = 462E0EA91D20973A0093893B /* LoginViewController.swift */; };
		462E0EAC1D2097450093893B /* CreateAccountViewController.swift in Sources */ = {isa = PBXBuildFile; fileRef = 462E0EAB1D2097450093893B /* CreateAccountViewController.swift */; };
		463D65EE1D275E5E003BDA69 /* ResetViewController.swift in Sources */ = {isa = PBXBuildFile; fileRef = 463D65ED1D275E5E003BDA69 /* ResetViewController.swift */; };
		46F2866E1D29DA6B0050D1EF /* AppDelegate.swift in Sources */ = {isa = PBXBuildFile; fileRef = 46F2866D1D29DA6B0050D1EF /* AppDelegate.swift */; };
		6050A23E1A99A0339E23BCD1 /* Pods_TownheroTests.framework in Frameworks */ = {isa = PBXBuildFile; fileRef = DB20955ED1F912AFB641A95E /* Pods_TownheroTests.framework */; };
		8387587ED714B588B4570697 /* Pods_Townhero.framework in Frameworks */ = {isa = PBXBuildFile; fileRef = 2F4CF66F4A4E08BFC022D7FC /* Pods_Townhero.framework */; };
		B6EFB1D2F021021CD1CF7F4C /* Pods_TownheroUITests.framework in Frameworks */ = {isa = PBXBuildFile; fileRef = 73ECDDE9047568B277C91E63 /* Pods_TownheroUITests.framework */; };
/* End PBXBuildFile section */

/* Begin PBXContainerItemProxy section */
		449869F51D20898F0023F9B0 /* PBXContainerItemProxy */ = {
			isa = PBXContainerItemProxy;
			containerPortal = 449869D81D20898E0023F9B0 /* Project object */;
			proxyType = 1;
			remoteGlobalIDString = 449869DF1D20898F0023F9B0;
			remoteInfo = Townhero;
		};
		44986A001D20898F0023F9B0 /* PBXContainerItemProxy */ = {
			isa = PBXContainerItemProxy;
			containerPortal = 449869D81D20898E0023F9B0 /* Project object */;
			proxyType = 1;
			remoteGlobalIDString = 449869DF1D20898F0023F9B0;
			remoteInfo = Townhero;
		};
/* End PBXContainerItemProxy section */

/* Begin PBXFileReference section */
		2F4CF66F4A4E08BFC022D7FC /* Pods_Townhero.framework */ = {isa = PBXFileReference; explicitFileType = wrapper.framework; includeInIndex = 0; path = Pods_Townhero.framework; sourceTree = BUILT_PRODUCTS_DIR; };
		353C96631D2A1CCE00F6C152 /* Profile.storyboard */ = {isa = PBXFileReference; fileEncoding = 4; lastKnownFileType = file.storyboard; path = Profile.storyboard; sourceTree = "<group>"; };
		35E69C081D21FC9A00271D7A /* ProfileTVC.swift */ = {isa = PBXFileReference; fileEncoding = 4; lastKnownFileType = sourcecode.swift; path = ProfileTVC.swift; sourceTree = "<group>"; };
		35E69C0A1D21FCFA00271D7A /* EditProfileTableVC.swift */ = {isa = PBXFileReference; fileEncoding = 4; lastKnownFileType = sourcecode.swift; path = EditProfileTableVC.swift; sourceTree = "<group>"; };
		35E69C0C1D2217DF00271D7A /* SettingsTVC.swift */ = {isa = PBXFileReference; fileEncoding = 4; lastKnownFileType = sourcecode.swift; path = SettingsTVC.swift; sourceTree = "<group>"; };
		35E69C0E1D224CC800271D7A /* EditFullNameVC.swift */ = {isa = PBXFileReference; fileEncoding = 4; lastKnownFileType = sourcecode.swift; path = EditFullNameVC.swift; sourceTree = "<group>"; };
		35E69C101D2253F500271D7A /* EditEmailViewController.swift */ = {isa = PBXFileReference; fileEncoding = 4; lastKnownFileType = sourcecode.swift; path = EditEmailViewController.swift; sourceTree = "<group>"; };
		35E69C121D22C35200271D7A /* EditLocationVC.swift */ = {isa = PBXFileReference; fileEncoding = 4; lastKnownFileType = sourcecode.swift; path = EditLocationVC.swift; sourceTree = "<group>"; };
		35E69C181D22E18700271D7A /* PendingActivityVC.swift */ = {isa = PBXFileReference; fileEncoding = 4; lastKnownFileType = sourcecode.swift; path = PendingActivityVC.swift; sourceTree = "<group>"; };
		35E69C4D1D25BC9C00271D7A /* SlideVC.swift */ = {isa = PBXFileReference; fileEncoding = 4; lastKnownFileType = sourcecode.swift; path = SlideVC.swift; sourceTree = "<group>"; };
		35E69C931D26C03C00271D7A /* UserClass.swift */ = {isa = PBXFileReference; fileEncoding = 4; lastKnownFileType = sourcecode.swift; path = UserClass.swift; sourceTree = "<group>"; };
		441669A11D26E1DF00493B89 /* Map.storyboard */ = {isa = PBXFileReference; fileEncoding = 4; lastKnownFileType = file.storyboard; path = Map.storyboard; sourceTree = "<group>"; };
		441669A31D26E21D00493B89 /* MapViewController.swift */ = {isa = PBXFileReference; fileEncoding = 4; lastKnownFileType = sourcecode.swift; path = MapViewController.swift; sourceTree = "<group>"; };
		446911921D2EB65900EBEC44 /* PinDetailViewController.swift */ = {isa = PBXFileReference; fileEncoding = 4; lastKnownFileType = sourcecode.swift; path = PinDetailViewController.swift; sourceTree = "<group>"; };
		449869E01D20898F0023F9B0 /* Townhero.app */ = {isa = PBXFileReference; explicitFileType = wrapper.application; includeInIndex = 0; path = Townhero.app; sourceTree = BUILT_PRODUCTS_DIR; };
		449869EA1D20898F0023F9B0 /* Assets.xcassets */ = {isa = PBXFileReference; lastKnownFileType = folder.assetcatalog; path = Assets.xcassets; sourceTree = "<group>"; };
		449869ED1D20898F0023F9B0 /* Base */ = {isa = PBXFileReference; lastKnownFileType = file.storyboard; name = Base; path = Base.lproj/LaunchScreen.storyboard; sourceTree = "<group>"; };
		449869EF1D20898F0023F9B0 /* Info.plist */ = {isa = PBXFileReference; lastKnownFileType = text.plist.xml; path = Info.plist; sourceTree = "<group>"; };
		449869F41D20898F0023F9B0 /* TownheroTests.xctest */ = {isa = PBXFileReference; explicitFileType = wrapper.cfbundle; includeInIndex = 0; path = TownheroTests.xctest; sourceTree = BUILT_PRODUCTS_DIR; };
		449869F81D20898F0023F9B0 /* TownheroTests.swift */ = {isa = PBXFileReference; lastKnownFileType = sourcecode.swift; path = TownheroTests.swift; sourceTree = "<group>"; };
		449869FA1D20898F0023F9B0 /* Info.plist */ = {isa = PBXFileReference; lastKnownFileType = text.plist.xml; path = Info.plist; sourceTree = "<group>"; };
		449869FF1D20898F0023F9B0 /* TownheroUITests.xctest */ = {isa = PBXFileReference; explicitFileType = wrapper.cfbundle; includeInIndex = 0; path = TownheroUITests.xctest; sourceTree = BUILT_PRODUCTS_DIR; };
		44986A031D20898F0023F9B0 /* TownheroUITests.swift */ = {isa = PBXFileReference; lastKnownFileType = sourcecode.swift; path = TownheroUITests.swift; sourceTree = "<group>"; };
		44986A051D20898F0023F9B0 /* Info.plist */ = {isa = PBXFileReference; lastKnownFileType = text.plist.xml; path = Info.plist; sourceTree = "<group>"; };
		44986A131D2089CD0023F9B0 /* GoogleService-Info.plist */ = {isa = PBXFileReference; fileEncoding = 4; lastKnownFileType = text.plist.xml; path = "GoogleService-Info.plist"; sourceTree = "<group>"; };
		449E50611D22E738009B8F75 /* MapKit.framework */ = {isa = PBXFileReference; lastKnownFileType = wrapper.framework; name = MapKit.framework; path = System/Library/Frameworks/MapKit.framework; sourceTree = SDKROOT; };
		44F95E9A1D2C1EDA0093F3B7 /* Nature.swift */ = {isa = PBXFileReference; fileEncoding = 4; lastKnownFileType = sourcecode.swift; path = Nature.swift; sourceTree = "<group>"; };
		44F95E9C1D2C1EE70093F3B7 /* Parking.swift */ = {isa = PBXFileReference; fileEncoding = 4; lastKnownFileType = sourcecode.swift; path = Parking.swift; sourceTree = "<group>"; };
		44F95E9E1D2C1EF20093F3B7 /* Safety.swift */ = {isa = PBXFileReference; fileEncoding = 4; lastKnownFileType = sourcecode.swift; path = Safety.swift; sourceTree = "<group>"; };
		44F95EA01D2C1EFC0093F3B7 /* Services.swift */ = {isa = PBXFileReference; fileEncoding = 4; lastKnownFileType = sourcecode.swift; path = Services.swift; sourceTree = "<group>"; };
		44FD72DA1D2FF3DC00C6C44C /* Color.swift */ = {isa = PBXFileReference; fileEncoding = 4; lastKnownFileType = sourcecode.swift; path = Color.swift; sourceTree = "<group>"; };
		462E0EA71D2096CB0093893B /* Login.storyboard */ = {isa = PBXFileReference; fileEncoding = 4; lastKnownFileType = file.storyboard; path = Login.storyboard; sourceTree = "<group>"; };
		462E0EA91D20973A0093893B /* LoginViewController.swift */ = {isa = PBXFileReference; fileEncoding = 4; lastKnownFileType = sourcecode.swift; path = LoginViewController.swift; sourceTree = "<group>"; };
		462E0EAB1D2097450093893B /* CreateAccountViewController.swift */ = {isa = PBXFileReference; fileEncoding = 4; lastKnownFileType = sourcecode.swift; path = CreateAccountViewController.swift; sourceTree = "<group>"; };
		463D65ED1D275E5E003BDA69 /* ResetViewController.swift */ = {isa = PBXFileReference; fileEncoding = 4; lastKnownFileType = sourcecode.swift; path = ResetViewController.swift; sourceTree = "<group>"; };
		46F2866D1D29DA6B0050D1EF /* AppDelegate.swift */ = {isa = PBXFileReference; fileEncoding = 4; lastKnownFileType = sourcecode.swift; path = AppDelegate.swift; sourceTree = "<group>"; };
		55EA364BC389999756967013 /* Pods-Townhero.release.xcconfig */ = {isa = PBXFileReference; includeInIndex = 1; lastKnownFileType = text.xcconfig; name = "Pods-Townhero.release.xcconfig"; path = "Pods/Target Support Files/Pods-Townhero/Pods-Townhero.release.xcconfig"; sourceTree = "<group>"; };
		73ECDDE9047568B277C91E63 /* Pods_TownheroUITests.framework */ = {isa = PBXFileReference; explicitFileType = wrapper.framework; includeInIndex = 0; path = Pods_TownheroUITests.framework; sourceTree = BUILT_PRODUCTS_DIR; };
		A104963BD68D304D080ED305 /* Pods-TownheroTests.debug.xcconfig */ = {isa = PBXFileReference; includeInIndex = 1; lastKnownFileType = text.xcconfig; name = "Pods-TownheroTests.debug.xcconfig"; path = "Pods/Target Support Files/Pods-TownheroTests/Pods-TownheroTests.debug.xcconfig"; sourceTree = "<group>"; };
		A8049905963AD5D7476B8875 /* Pods-TownheroTests.release.xcconfig */ = {isa = PBXFileReference; includeInIndex = 1; lastKnownFileType = text.xcconfig; name = "Pods-TownheroTests.release.xcconfig"; path = "Pods/Target Support Files/Pods-TownheroTests/Pods-TownheroTests.release.xcconfig"; sourceTree = "<group>"; };
		AEEDB6282F5165F9F7AC03FA /* Pods-Townhero.debug.xcconfig */ = {isa = PBXFileReference; includeInIndex = 1; lastKnownFileType = text.xcconfig; name = "Pods-Townhero.debug.xcconfig"; path = "Pods/Target Support Files/Pods-Townhero/Pods-Townhero.debug.xcconfig"; sourceTree = "<group>"; };
		B3C86BDF821D7BA619C251E2 /* Pods-TownheroUITests.release.xcconfig */ = {isa = PBXFileReference; includeInIndex = 1; lastKnownFileType = text.xcconfig; name = "Pods-TownheroUITests.release.xcconfig"; path = "Pods/Target Support Files/Pods-TownheroUITests/Pods-TownheroUITests.release.xcconfig"; sourceTree = "<group>"; };
		DB20955ED1F912AFB641A95E /* Pods_TownheroTests.framework */ = {isa = PBXFileReference; explicitFileType = wrapper.framework; includeInIndex = 0; path = Pods_TownheroTests.framework; sourceTree = BUILT_PRODUCTS_DIR; };
		FA55EB72AB566B7F6AEBC135 /* Pods-TownheroUITests.debug.xcconfig */ = {isa = PBXFileReference; includeInIndex = 1; lastKnownFileType = text.xcconfig; name = "Pods-TownheroUITests.debug.xcconfig"; path = "Pods/Target Support Files/Pods-TownheroUITests/Pods-TownheroUITests.debug.xcconfig"; sourceTree = "<group>"; };
/* End PBXFileReference section */

/* Begin PBXFrameworksBuildPhase section */
		449869DD1D20898F0023F9B0 /* Frameworks */ = {
			isa = PBXFrameworksBuildPhase;
			buildActionMask = 2147483647;
			files = (
				449E50621D22E738009B8F75 /* MapKit.framework in Frameworks */,
				8387587ED714B588B4570697 /* Pods_Townhero.framework in Frameworks */,
			);
			runOnlyForDeploymentPostprocessing = 0;
		};
		449869F11D20898F0023F9B0 /* Frameworks */ = {
			isa = PBXFrameworksBuildPhase;
			buildActionMask = 2147483647;
			files = (
				6050A23E1A99A0339E23BCD1 /* Pods_TownheroTests.framework in Frameworks */,
			);
			runOnlyForDeploymentPostprocessing = 0;
		};
		449869FC1D20898F0023F9B0 /* Frameworks */ = {
			isa = PBXFrameworksBuildPhase;
			buildActionMask = 2147483647;
			files = (
				B6EFB1D2F021021CD1CF7F4C /* Pods_TownheroUITests.framework in Frameworks */,
			);
			runOnlyForDeploymentPostprocessing = 0;
		};
/* End PBXFrameworksBuildPhase section */

/* Begin PBXGroup section */
		35E69C031D21B74000271D7A /* Profile */ = {
			isa = PBXGroup;
			children = (
				353C96631D2A1CCE00F6C152 /* Profile.storyboard */,
				35E69C1A1D23802B00271D7A /* Edit Profile */,
				35E69C081D21FC9A00271D7A /* ProfileTVC.swift */,
				35E69C181D22E18700271D7A /* PendingActivityVC.swift */,
				35E69C931D26C03C00271D7A /* UserClass.swift */,
				35E69C4D1D25BC9C00271D7A /* SlideVC.swift */,
			);
			name = Profile;
			path = Townhero;
			sourceTree = "<group>";
		};
		35E69C1A1D23802B00271D7A /* Edit Profile */ = {
			isa = PBXGroup;
			children = (
				35E69C0A1D21FCFA00271D7A /* EditProfileTableVC.swift */,
				35E69C0E1D224CC800271D7A /* EditFullNameVC.swift */,
				35E69C101D2253F500271D7A /* EditEmailViewController.swift */,
				35E69C0C1D2217DF00271D7A /* SettingsTVC.swift */,
				35E69C121D22C35200271D7A /* EditLocationVC.swift */,
			);
			name = "Edit Profile";
			sourceTree = "<group>";
		};
		449869D71D20898E0023F9B0 = {
			isa = PBXGroup;
			children = (
				35E69C031D21B74000271D7A /* Profile */,
				449869F71D20898F0023F9B0 /* TownheroTests */,
				449869E21D20898F0023F9B0 /* Townhero */,
				44986A021D20898F0023F9B0 /* TownheroUITests */,
				449869E11D20898F0023F9B0 /* Products */,
				8E0A3AEF1AAF240C9F10989C /* Pods */,
				83F651AB8E462073CAC7E67A /* Frameworks */,
			);
			sourceTree = "<group>";
		};
		449869E11D20898F0023F9B0 /* Products */ = {
			isa = PBXGroup;
			children = (
				449869E01D20898F0023F9B0 /* Townhero.app */,
				449869F41D20898F0023F9B0 /* TownheroTests.xctest */,
				449869FF1D20898F0023F9B0 /* TownheroUITests.xctest */,
			);
			name = Products;
			sourceTree = "<group>";
		};
		449869E21D20898F0023F9B0 /* Townhero */ = {
			isa = PBXGroup;
			children = (
				462E0EA91D20973A0093893B /* LoginViewController.swift */,
				462E0EAB1D2097450093893B /* CreateAccountViewController.swift */,
				46F2866D1D29DA6B0050D1EF /* AppDelegate.swift */,
				463D65ED1D275E5E003BDA69 /* ResetViewController.swift */,
				441669A31D26E21D00493B89 /* MapViewController.swift */,
				44FD72DA1D2FF3DC00C6C44C /* Color.swift */,
				44F95EA21D2C1F0A0093F3B7 /* PostInfo */,
				449869EA1D20898F0023F9B0 /* Assets.xcassets */,
				441669A11D26E1DF00493B89 /* Map.storyboard */,
				446911921D2EB65900EBEC44 /* PinDetailViewController.swift */,
				462E0EA71D2096CB0093893B /* Login.storyboard */,
				449869EC1D20898F0023F9B0 /* LaunchScreen.storyboard */,
				44986A131D2089CD0023F9B0 /* GoogleService-Info.plist */,
				449869EF1D20898F0023F9B0 /* Info.plist */,
			);
			path = Townhero;
			sourceTree = "<group>";
		};
		449869F71D20898F0023F9B0 /* TownheroTests */ = {
			isa = PBXGroup;
			children = (
				449869F81D20898F0023F9B0 /* TownheroTests.swift */,
				449869FA1D20898F0023F9B0 /* Info.plist */,
			);
			path = TownheroTests;
			sourceTree = "<group>";
		};
		44986A021D20898F0023F9B0 /* TownheroUITests */ = {
			isa = PBXGroup;
			children = (
				44986A031D20898F0023F9B0 /* TownheroUITests.swift */,
				44986A051D20898F0023F9B0 /* Info.plist */,
			);
			path = TownheroUITests;
			sourceTree = "<group>";
		};
		44F95EA21D2C1F0A0093F3B7 /* PostInfo */ = {
			isa = PBXGroup;
			children = (
				44F95E9A1D2C1EDA0093F3B7 /* Nature.swift */,
				44F95E9C1D2C1EE70093F3B7 /* Parking.swift */,
				44F95E9E1D2C1EF20093F3B7 /* Safety.swift */,
				44F95EA01D2C1EFC0093F3B7 /* Services.swift */,
			);
			name = PostInfo;
			sourceTree = "<group>";
		};
		83F651AB8E462073CAC7E67A /* Frameworks */ = {
			isa = PBXGroup;
			children = (
				449E50611D22E738009B8F75 /* MapKit.framework */,
				2F4CF66F4A4E08BFC022D7FC /* Pods_Townhero.framework */,
				DB20955ED1F912AFB641A95E /* Pods_TownheroTests.framework */,
				73ECDDE9047568B277C91E63 /* Pods_TownheroUITests.framework */,
			);
			name = Frameworks;
			sourceTree = "<group>";
		};
		8E0A3AEF1AAF240C9F10989C /* Pods */ = {
			isa = PBXGroup;
			children = (
				AEEDB6282F5165F9F7AC03FA /* Pods-Townhero.debug.xcconfig */,
				55EA364BC389999756967013 /* Pods-Townhero.release.xcconfig */,
				A104963BD68D304D080ED305 /* Pods-TownheroTests.debug.xcconfig */,
				A8049905963AD5D7476B8875 /* Pods-TownheroTests.release.xcconfig */,
				FA55EB72AB566B7F6AEBC135 /* Pods-TownheroUITests.debug.xcconfig */,
				B3C86BDF821D7BA619C251E2 /* Pods-TownheroUITests.release.xcconfig */,
			);
			name = Pods;
			sourceTree = "<group>";
		};
/* End PBXGroup section */

/* Begin PBXNativeTarget section */
		449869DF1D20898F0023F9B0 /* Townhero */ = {
			isa = PBXNativeTarget;
			buildConfigurationList = 44986A081D20898F0023F9B0 /* Build configuration list for PBXNativeTarget "Townhero" */;
			buildPhases = (
				0ADD06EE32ADD9F9F2216223 /* [CP] Check Pods Manifest.lock */,
				449869DC1D20898F0023F9B0 /* Sources */,
				449869DD1D20898F0023F9B0 /* Frameworks */,
				449869DE1D20898F0023F9B0 /* Resources */,
				F2ED8AFC423C455BF459A1D8 /* [CP] Embed Pods Frameworks */,
				8ABA078A4A1F468AF759EDAE /* [CP] Copy Pods Resources */,
			);
			buildRules = (
			);
			dependencies = (
			);
			name = Townhero;
			productName = Townhero;
			productReference = 449869E01D20898F0023F9B0 /* Townhero.app */;
			productType = "com.apple.product-type.application";
		};
		449869F31D20898F0023F9B0 /* TownheroTests */ = {
			isa = PBXNativeTarget;
			buildConfigurationList = 44986A0B1D20898F0023F9B0 /* Build configuration list for PBXNativeTarget "TownheroTests" */;
			buildPhases = (
				9B066EAA88EDDEF5BE4F2FBC /* [CP] Check Pods Manifest.lock */,
				449869F01D20898F0023F9B0 /* Sources */,
				449869F11D20898F0023F9B0 /* Frameworks */,
				449869F21D20898F0023F9B0 /* Resources */,
				A518D91995CD2055D6DDE4F8 /* [CP] Embed Pods Frameworks */,
				18698D7D4286F289E38E9384 /* [CP] Copy Pods Resources */,
			);
			buildRules = (
			);
			dependencies = (
				449869F61D20898F0023F9B0 /* PBXTargetDependency */,
			);
			name = TownheroTests;
			productName = TownheroTests;
			productReference = 449869F41D20898F0023F9B0 /* TownheroTests.xctest */;
			productType = "com.apple.product-type.bundle.unit-test";
		};
		449869FE1D20898F0023F9B0 /* TownheroUITests */ = {
			isa = PBXNativeTarget;
			buildConfigurationList = 44986A0E1D20898F0023F9B0 /* Build configuration list for PBXNativeTarget "TownheroUITests" */;
			buildPhases = (
				AF7E3275CEE39DF555814C39 /* [CP] Check Pods Manifest.lock */,
				449869FB1D20898F0023F9B0 /* Sources */,
				449869FC1D20898F0023F9B0 /* Frameworks */,
				449869FD1D20898F0023F9B0 /* Resources */,
				9CBA78A5FEEA1C5937711B8F /* [CP] Copy Pods Resources */,
			);
			buildRules = (
			);
			dependencies = (
				44986A011D20898F0023F9B0 /* PBXTargetDependency */,
			);
			name = TownheroUITests;
			productName = TownheroUITests;
			productReference = 449869FF1D20898F0023F9B0 /* TownheroUITests.xctest */;
			productType = "com.apple.product-type.bundle.ui-testing";
		};
/* End PBXNativeTarget section */

/* Begin PBXProject section */
		449869D81D20898E0023F9B0 /* Project object */ = {
			isa = PBXProject;
			attributes = {
				LastSwiftUpdateCheck = 0730;
				LastUpgradeCheck = 0730;
				ORGANIZATIONNAME = Mohamed;
				TargetAttributes = {
					449869DF1D20898F0023F9B0 = {
						CreatedOnToolsVersion = 7.3.1;
					};
					449869F31D20898F0023F9B0 = {
						CreatedOnToolsVersion = 7.3.1;
						TestTargetID = 449869DF1D20898F0023F9B0;
					};
					449869FE1D20898F0023F9B0 = {
						CreatedOnToolsVersion = 7.3.1;
						TestTargetID = 449869DF1D20898F0023F9B0;
					};
				};
			};
			buildConfigurationList = 449869DB1D20898F0023F9B0 /* Build configuration list for PBXProject "Townhero" */;
			compatibilityVersion = "Xcode 3.2";
			developmentRegion = English;
			hasScannedForEncodings = 0;
			knownRegions = (
				en,
				Base,
			);
			mainGroup = 449869D71D20898E0023F9B0;
			productRefGroup = 449869E11D20898F0023F9B0 /* Products */;
			projectDirPath = "";
			projectRoot = "";
			targets = (
				449869DF1D20898F0023F9B0 /* Townhero */,
				449869F31D20898F0023F9B0 /* TownheroTests */,
				449869FE1D20898F0023F9B0 /* TownheroUITests */,
			);
		};
/* End PBXProject section */

/* Begin PBXResourcesBuildPhase section */
		449869DE1D20898F0023F9B0 /* Resources */ = {
			isa = PBXResourcesBuildPhase;
			buildActionMask = 2147483647;
			files = (
				353C96641D2A1CCE00F6C152 /* Profile.storyboard in Resources */,
				441669A21D26E1DF00493B89 /* Map.storyboard in Resources */,
				449869EE1D20898F0023F9B0 /* LaunchScreen.storyboard in Resources */,
				44986A141D2089CD0023F9B0 /* GoogleService-Info.plist in Resources */,
				449869EB1D20898F0023F9B0 /* Assets.xcassets in Resources */,
				462E0EA81D2096CB0093893B /* Login.storyboard in Resources */,
			);
			runOnlyForDeploymentPostprocessing = 0;
		};
		449869F21D20898F0023F9B0 /* Resources */ = {
			isa = PBXResourcesBuildPhase;
			buildActionMask = 2147483647;
			files = (
			);
			runOnlyForDeploymentPostprocessing = 0;
		};
		449869FD1D20898F0023F9B0 /* Resources */ = {
			isa = PBXResourcesBuildPhase;
			buildActionMask = 2147483647;
			files = (
			);
			runOnlyForDeploymentPostprocessing = 0;
		};
/* End PBXResourcesBuildPhase section */

/* Begin PBXShellScriptBuildPhase section */
		0ADD06EE32ADD9F9F2216223 /* [CP] Check Pods Manifest.lock */ = {
			isa = PBXShellScriptBuildPhase;
			buildActionMask = 2147483647;
			files = (
			);
			inputPaths = (
			);
			name = "[CP] Check Pods Manifest.lock";
			outputPaths = (
			);
			runOnlyForDeploymentPostprocessing = 0;
			shellPath = /bin/sh;
			shellScript = "diff \"${PODS_ROOT}/../Podfile.lock\" \"${PODS_ROOT}/Manifest.lock\" > /dev/null\nif [[ $? != 0 ]] ; then\n    cat << EOM\nerror: The sandbox is not in sync with the Podfile.lock. Run 'pod install' or update your CocoaPods installation.\nEOM\n    exit 1\nfi\n";
			showEnvVarsInLog = 0;
		};
		18698D7D4286F289E38E9384 /* [CP] Copy Pods Resources */ = {
			isa = PBXShellScriptBuildPhase;
			buildActionMask = 2147483647;
			files = (
			);
			inputPaths = (
			);
			name = "[CP] Copy Pods Resources";
			outputPaths = (
			);
			runOnlyForDeploymentPostprocessing = 0;
			shellPath = /bin/sh;
			shellScript = "\"${SRCROOT}/Pods/Target Support Files/Pods-TownheroTests/Pods-TownheroTests-resources.sh\"\n";
			showEnvVarsInLog = 0;
		};
		8ABA078A4A1F468AF759EDAE /* [CP] Copy Pods Resources */ = {
			isa = PBXShellScriptBuildPhase;
			buildActionMask = 2147483647;
			files = (
			);
			inputPaths = (
			);
			name = "[CP] Copy Pods Resources";
			outputPaths = (
			);
			runOnlyForDeploymentPostprocessing = 0;
			shellPath = /bin/sh;
			shellScript = "\"${SRCROOT}/Pods/Target Support Files/Pods-Townhero/Pods-Townhero-resources.sh\"\n";
			showEnvVarsInLog = 0;
		};
		9B066EAA88EDDEF5BE4F2FBC /* [CP] Check Pods Manifest.lock */ = {
			isa = PBXShellScriptBuildPhase;
			buildActionMask = 2147483647;
			files = (
			);
			inputPaths = (
			);
			name = "[CP] Check Pods Manifest.lock";
			outputPaths = (
			);
			runOnlyForDeploymentPostprocessing = 0;
			shellPath = /bin/sh;
			shellScript = "diff \"${PODS_ROOT}/../Podfile.lock\" \"${PODS_ROOT}/Manifest.lock\" > /dev/null\nif [[ $? != 0 ]] ; then\n    cat << EOM\nerror: The sandbox is not in sync with the Podfile.lock. Run 'pod install' or update your CocoaPods installation.\nEOM\n    exit 1\nfi\n";
			showEnvVarsInLog = 0;
		};
		9CBA78A5FEEA1C5937711B8F /* [CP] Copy Pods Resources */ = {
			isa = PBXShellScriptBuildPhase;
			buildActionMask = 2147483647;
			files = (
			);
			inputPaths = (
			);
			name = "[CP] Copy Pods Resources";
			outputPaths = (
			);
			runOnlyForDeploymentPostprocessing = 0;
			shellPath = /bin/sh;
			shellScript = "\"${SRCROOT}/Pods/Target Support Files/Pods-TownheroUITests/Pods-TownheroUITests-resources.sh\"\n";
			showEnvVarsInLog = 0;
		};
		A518D91995CD2055D6DDE4F8 /* [CP] Embed Pods Frameworks */ = {
			isa = PBXShellScriptBuildPhase;
			buildActionMask = 2147483647;
			files = (
			);
			inputPaths = (
			);
			name = "[CP] Embed Pods Frameworks";
			outputPaths = (
			);
			runOnlyForDeploymentPostprocessing = 0;
			shellPath = /bin/sh;
			shellScript = "\"${SRCROOT}/Pods/Target Support Files/Pods-TownheroTests/Pods-TownheroTests-frameworks.sh\"\n";
			showEnvVarsInLog = 0;
		};
		AF7E3275CEE39DF555814C39 /* [CP] Check Pods Manifest.lock */ = {
			isa = PBXShellScriptBuildPhase;
			buildActionMask = 2147483647;
			files = (
			);
			inputPaths = (
			);
			name = "[CP] Check Pods Manifest.lock";
			outputPaths = (
			);
			runOnlyForDeploymentPostprocessing = 0;
			shellPath = /bin/sh;
			shellScript = "diff \"${PODS_ROOT}/../Podfile.lock\" \"${PODS_ROOT}/Manifest.lock\" > /dev/null\nif [[ $? != 0 ]] ; then\n    cat << EOM\nerror: The sandbox is not in sync with the Podfile.lock. Run 'pod install' or update your CocoaPods installation.\nEOM\n    exit 1\nfi\n";
			showEnvVarsInLog = 0;
		};
		F2ED8AFC423C455BF459A1D8 /* [CP] Embed Pods Frameworks */ = {
			isa = PBXShellScriptBuildPhase;
			buildActionMask = 2147483647;
			files = (
			);
			inputPaths = (
			);
			name = "[CP] Embed Pods Frameworks";
			outputPaths = (
			);
			runOnlyForDeploymentPostprocessing = 0;
			shellPath = /bin/sh;
			shellScript = "\"${SRCROOT}/Pods/Target Support Files/Pods-Townhero/Pods-Townhero-frameworks.sh\"\n";
			showEnvVarsInLog = 0;
		};
/* End PBXShellScriptBuildPhase section */

/* Begin PBXSourcesBuildPhase section */
		449869DC1D20898F0023F9B0 /* Sources */ = {
			isa = PBXSourcesBuildPhase;
			buildActionMask = 2147483647;
			files = (
				463D65EE1D275E5E003BDA69 /* ResetViewController.swift in Sources */,
				462E0EAC1D2097450093893B /* CreateAccountViewController.swift in Sources */,
				44F95E9F1D2C1EF20093F3B7 /* Safety.swift in Sources */,
				462E0EAA1D20973A0093893B /* LoginViewController.swift in Sources */,
				46F2866E1D29DA6B0050D1EF /* AppDelegate.swift in Sources */,
				44F95E9D1D2C1EE70093F3B7 /* Parking.swift in Sources */,
				44F95E9B1D2C1EDA0093F3B7 /* Nature.swift in Sources */,
				44F95EA11D2C1EFC0093F3B7 /* Services.swift in Sources */,
				441669A41D26E21D00493B89 /* MapViewController.swift in Sources */,
				35E69C0D1D2217DF00271D7A /* SettingsTVC.swift in Sources */,
				35E69C0B1D21FCFA00271D7A /* EditProfileTableVC.swift in Sources */,
				35E69C091D21FC9A00271D7A /* ProfileTVC.swift in Sources */,
				35E69C4E1D25BC9C00271D7A /* SlideVC.swift in Sources */,
				44FD72DB1D2FF3DC00C6C44C /* Color.swift in Sources */,
				35E69C131D22C35200271D7A /* EditLocationVC.swift in Sources */,
				35E69C191D22E18700271D7A /* PendingActivityVC.swift in Sources */,
				35E69C0F1D224CC800271D7A /* EditFullNameVC.swift in Sources */,
				35E69C941D26C03C00271D7A /* UserClass.swift in Sources */,
				35E69C111D2253F500271D7A /* EditEmailViewController.swift in Sources */,
				446911931D2EB65900EBEC44 /* PinDetailViewController.swift in Sources */,
			);
			runOnlyForDeploymentPostprocessing = 0;
		};
		449869F01D20898F0023F9B0 /* Sources */ = {
			isa = PBXSourcesBuildPhase;
			buildActionMask = 2147483647;
			files = (
				449869F91D20898F0023F9B0 /* TownheroTests.swift in Sources */,
			);
			runOnlyForDeploymentPostprocessing = 0;
		};
		449869FB1D20898F0023F9B0 /* Sources */ = {
			isa = PBXSourcesBuildPhase;
			buildActionMask = 2147483647;
			files = (
				44986A041D20898F0023F9B0 /* TownheroUITests.swift in Sources */,
			);
			runOnlyForDeploymentPostprocessing = 0;
		};
/* End PBXSourcesBuildPhase section */

/* Begin PBXTargetDependency section */
		449869F61D20898F0023F9B0 /* PBXTargetDependency */ = {
			isa = PBXTargetDependency;
			target = 449869DF1D20898F0023F9B0 /* Townhero */;
			targetProxy = 449869F51D20898F0023F9B0 /* PBXContainerItemProxy */;
		};
		44986A011D20898F0023F9B0 /* PBXTargetDependency */ = {
			isa = PBXTargetDependency;
			target = 449869DF1D20898F0023F9B0 /* Townhero */;
			targetProxy = 44986A001D20898F0023F9B0 /* PBXContainerItemProxy */;
		};
/* End PBXTargetDependency section */

/* Begin PBXVariantGroup section */
		449869EC1D20898F0023F9B0 /* LaunchScreen.storyboard */ = {
			isa = PBXVariantGroup;
			children = (
				449869ED1D20898F0023F9B0 /* Base */,
			);
			name = LaunchScreen.storyboard;
			sourceTree = "<group>";
		};
/* End PBXVariantGroup section */

/* Begin XCBuildConfiguration section */
		44986A061D20898F0023F9B0 /* Debug */ = {
			isa = XCBuildConfiguration;
			buildSettings = {
				ALWAYS_SEARCH_USER_PATHS = NO;
				CLANG_ANALYZER_NONNULL = YES;
				CLANG_CXX_LANGUAGE_STANDARD = "gnu++0x";
				CLANG_CXX_LIBRARY = "libc++";
				CLANG_ENABLE_MODULES = YES;
				CLANG_ENABLE_OBJC_ARC = YES;
				CLANG_WARN_BOOL_CONVERSION = YES;
				CLANG_WARN_CONSTANT_CONVERSION = YES;
				CLANG_WARN_DIRECT_OBJC_ISA_USAGE = YES_ERROR;
				CLANG_WARN_EMPTY_BODY = YES;
				CLANG_WARN_ENUM_CONVERSION = YES;
				CLANG_WARN_INT_CONVERSION = YES;
				CLANG_WARN_OBJC_ROOT_CLASS = YES_ERROR;
				CLANG_WARN_UNREACHABLE_CODE = YES;
				CLANG_WARN__DUPLICATE_METHOD_MATCH = YES;
				"CODE_SIGN_IDENTITY[sdk=iphoneos*]" = "iPhone Developer";
				COPY_PHASE_STRIP = NO;
				DEBUG_INFORMATION_FORMAT = dwarf;
				ENABLE_STRICT_OBJC_MSGSEND = YES;
				ENABLE_TESTABILITY = YES;
				GCC_C_LANGUAGE_STANDARD = gnu99;
				GCC_DYNAMIC_NO_PIC = NO;
				GCC_NO_COMMON_BLOCKS = YES;
				GCC_OPTIMIZATION_LEVEL = 0;
				GCC_PREPROCESSOR_DEFINITIONS = (
					"DEBUG=1",
					"$(inherited)",
				);
				GCC_WARN_64_TO_32_BIT_CONVERSION = YES;
				GCC_WARN_ABOUT_RETURN_TYPE = YES_ERROR;
				GCC_WARN_UNDECLARED_SELECTOR = YES;
				GCC_WARN_UNINITIALIZED_AUTOS = YES_AGGRESSIVE;
				GCC_WARN_UNUSED_FUNCTION = YES;
				GCC_WARN_UNUSED_VARIABLE = YES;
				IPHONEOS_DEPLOYMENT_TARGET = 9.3;
				MTL_ENABLE_DEBUG_INFO = YES;
				ONLY_ACTIVE_ARCH = YES;
				SDKROOT = iphoneos;
				SWIFT_OPTIMIZATION_LEVEL = "-Onone";
				TARGETED_DEVICE_FAMILY = "1,2";
			};
			name = Debug;
		};
		44986A071D20898F0023F9B0 /* Release */ = {
			isa = XCBuildConfiguration;
			buildSettings = {
				ALWAYS_SEARCH_USER_PATHS = NO;
				CLANG_ANALYZER_NONNULL = YES;
				CLANG_CXX_LANGUAGE_STANDARD = "gnu++0x";
				CLANG_CXX_LIBRARY = "libc++";
				CLANG_ENABLE_MODULES = YES;
				CLANG_ENABLE_OBJC_ARC = YES;
				CLANG_WARN_BOOL_CONVERSION = YES;
				CLANG_WARN_CONSTANT_CONVERSION = YES;
				CLANG_WARN_DIRECT_OBJC_ISA_USAGE = YES_ERROR;
				CLANG_WARN_EMPTY_BODY = YES;
				CLANG_WARN_ENUM_CONVERSION = YES;
				CLANG_WARN_INT_CONVERSION = YES;
				CLANG_WARN_OBJC_ROOT_CLASS = YES_ERROR;
				CLANG_WARN_UNREACHABLE_CODE = YES;
				CLANG_WARN__DUPLICATE_METHOD_MATCH = YES;
				"CODE_SIGN_IDENTITY[sdk=iphoneos*]" = "iPhone Developer";
				COPY_PHASE_STRIP = NO;
				DEBUG_INFORMATION_FORMAT = "dwarf-with-dsym";
				ENABLE_NS_ASSERTIONS = NO;
				ENABLE_STRICT_OBJC_MSGSEND = YES;
				GCC_C_LANGUAGE_STANDARD = gnu99;
				GCC_NO_COMMON_BLOCKS = YES;
				GCC_WARN_64_TO_32_BIT_CONVERSION = YES;
				GCC_WARN_ABOUT_RETURN_TYPE = YES_ERROR;
				GCC_WARN_UNDECLARED_SELECTOR = YES;
				GCC_WARN_UNINITIALIZED_AUTOS = YES_AGGRESSIVE;
				GCC_WARN_UNUSED_FUNCTION = YES;
				GCC_WARN_UNUSED_VARIABLE = YES;
				IPHONEOS_DEPLOYMENT_TARGET = 9.3;
				MTL_ENABLE_DEBUG_INFO = NO;
				SDKROOT = iphoneos;
				TARGETED_DEVICE_FAMILY = "1,2";
				VALIDATE_PRODUCT = YES;
			};
			name = Release;
		};
		44986A091D20898F0023F9B0 /* Debug */ = {
			isa = XCBuildConfiguration;
			baseConfigurationReference = AEEDB6282F5165F9F7AC03FA /* Pods-Townhero.debug.xcconfig */;
			buildSettings = {
				ASSETCATALOG_COMPILER_APPICON_NAME = AppIcon;
				CODE_SIGN_IDENTITY = "iPhone Developer";
				"CODE_SIGN_IDENTITY[sdk=iphoneos*]" = "iPhone Developer";
				FRAMEWORK_SEARCH_PATHS = (
					"$(inherited)",
					"$(PROJECT_DIR)/Townhero",
					"$(PROJECT_DIR)",
				);
				INFOPLIST_FILE = Townhero/Info.plist;
				LD_RUNPATH_SEARCH_PATHS = "$(inherited) @executable_path/Frameworks";
				PRODUCT_BUNDLE_IDENTIFIER = com.Townhero.com;
				PRODUCT_NAME = "$(TARGET_NAME)";
				PROVISIONING_PROFILE = "";
			};
			name = Debug;
		};
		44986A0A1D20898F0023F9B0 /* Release */ = {
			isa = XCBuildConfiguration;
			baseConfigurationReference = 55EA364BC389999756967013 /* Pods-Townhero.release.xcconfig */;
			buildSettings = {
				ASSETCATALOG_COMPILER_APPICON_NAME = AppIcon;
				CODE_SIGN_IDENTITY = "iPhone Developer";
				"CODE_SIGN_IDENTITY[sdk=iphoneos*]" = "iPhone Developer";
				FRAMEWORK_SEARCH_PATHS = (
					"$(inherited)",
					"$(PROJECT_DIR)/Townhero",
					"$(PROJECT_DIR)",
				);
				INFOPLIST_FILE = Townhero/Info.plist;
				LD_RUNPATH_SEARCH_PATHS = "$(inherited) @executable_path/Frameworks";
				PRODUCT_BUNDLE_IDENTIFIER = com.Townhero.com;
				PRODUCT_NAME = "$(TARGET_NAME)";
				PROVISIONING_PROFILE = "";
			};
			name = Release;
		};
		44986A0C1D20898F0023F9B0 /* Debug */ = {
			isa = XCBuildConfiguration;
			baseConfigurationReference = A104963BD68D304D080ED305 /* Pods-TownheroTests.debug.xcconfig */;
			buildSettings = {
				BUNDLE_LOADER = "$(TEST_HOST)";
				INFOPLIST_FILE = TownheroTests/Info.plist;
				LD_RUNPATH_SEARCH_PATHS = "$(inherited) @executable_path/Frameworks @loader_path/Frameworks";
				PRODUCT_BUNDLE_IDENTIFIER = com.Townhero.TownheroTests;
				PRODUCT_NAME = "$(TARGET_NAME)";
				TEST_HOST = "$(BUILT_PRODUCTS_DIR)/Townhero.app/Townhero";
			};
			name = Debug;
		};
		44986A0D1D20898F0023F9B0 /* Release */ = {
			isa = XCBuildConfiguration;
			baseConfigurationReference = A8049905963AD5D7476B8875 /* Pods-TownheroTests.release.xcconfig */;
			buildSettings = {
				BUNDLE_LOADER = "$(TEST_HOST)";
				INFOPLIST_FILE = TownheroTests/Info.plist;
				LD_RUNPATH_SEARCH_PATHS = "$(inherited) @executable_path/Frameworks @loader_path/Frameworks";
				PRODUCT_BUNDLE_IDENTIFIER = com.Townhero.TownheroTests;
				PRODUCT_NAME = "$(TARGET_NAME)";
				TEST_HOST = "$(BUILT_PRODUCTS_DIR)/Townhero.app/Townhero";
			};
			name = Release;
		};
		44986A0F1D20898F0023F9B0 /* Debug */ = {
			isa = XCBuildConfiguration;
			baseConfigurationReference = FA55EB72AB566B7F6AEBC135 /* Pods-TownheroUITests.debug.xcconfig */;
			buildSettings = {
				INFOPLIST_FILE = TownheroUITests/Info.plist;
				LD_RUNPATH_SEARCH_PATHS = "$(inherited) @executable_path/Frameworks @loader_path/Frameworks";
				PRODUCT_BUNDLE_IDENTIFIER = com.Townhero.TownheroUITests;
				PRODUCT_NAME = "$(TARGET_NAME)";
				TEST_TARGET_NAME = Townhero;
			};
			name = Debug;
		};
		44986A101D20898F0023F9B0 /* Release */ = {
			isa = XCBuildConfiguration;
			baseConfigurationReference = B3C86BDF821D7BA619C251E2 /* Pods-TownheroUITests.release.xcconfig */;
			buildSettings = {
				INFOPLIST_FILE = TownheroUITests/Info.plist;
				LD_RUNPATH_SEARCH_PATHS = "$(inherited) @executable_path/Frameworks @loader_path/Frameworks";
				PRODUCT_BUNDLE_IDENTIFIER = com.Townhero.TownheroUITests;
				PRODUCT_NAME = "$(TARGET_NAME)";
				TEST_TARGET_NAME = Townhero;
			};
			name = Release;
		};
/* End XCBuildConfiguration section */

/* Begin XCConfigurationList section */
		449869DB1D20898F0023F9B0 /* Build configuration list for PBXProject "Townhero" */ = {
			isa = XCConfigurationList;
			buildConfigurations = (
				44986A061D20898F0023F9B0 /* Debug */,
				44986A071D20898F0023F9B0 /* Release */,
			);
			defaultConfigurationIsVisible = 0;
			defaultConfigurationName = Release;
		};
		44986A081D20898F0023F9B0 /* Build configuration list for PBXNativeTarget "Townhero" */ = {
			isa = XCConfigurationList;
			buildConfigurations = (
				44986A091D20898F0023F9B0 /* Debug */,
				44986A0A1D20898F0023F9B0 /* Release */,
			);
			defaultConfigurationIsVisible = 0;
			defaultConfigurationName = Release;
		};
		44986A0B1D20898F0023F9B0 /* Build configuration list for PBXNativeTarget "TownheroTests" */ = {
			isa = XCConfigurationList;
			buildConfigurations = (
				44986A0C1D20898F0023F9B0 /* Debug */,
				44986A0D1D20898F0023F9B0 /* Release */,
			);
			defaultConfigurationIsVisible = 0;
			defaultConfigurationName = Release;
		};
		44986A0E1D20898F0023F9B0 /* Build configuration list for PBXNativeTarget "TownheroUITests" */ = {
			isa = XCConfigurationList;
			buildConfigurations = (
				44986A0F1D20898F0023F9B0 /* Debug */,
				44986A101D20898F0023F9B0 /* Release */,
			);
			defaultConfigurationIsVisible = 0;
			defaultConfigurationName = Release;
		};
/* End XCConfigurationList section */
	};
	rootObject = 449869D81D20898E0023F9B0 /* Project object */;
}
